
Microsoft Visual Studio Solution File, Format Version 12.00
# Visual Studio Version 17
VisualStudioVersion = 17.5.33516.290
MinimumVisualStudioVersion = 10.0.40219.1
Project("{FAE04EC0-301F-11D3-BF4B-00C04F79EFBC}") = "TypeConvert", "TypeConvert\TypeConvert.csproj", "{9C1E4D83-CF5B-4208-9D55-9509555E718E}"
EndProject
Global
	GlobalSection(SolutionConfigurationPlatforms) = preSolution
		Debug|Any CPU = Debug|Any CPU
		Release|Any CPU = Release|Any CPU
	EndGlobalSection
	GlobalSection(ProjectConfigurationPlatforms) = postSolution
		{9C1E4D83-CF5B-4208-9D55-9509555E718E}.Debug|Any CPU.ActiveCfg = Debug|Any CPU
		{9C1E4D83-CF5B-4208-9D55-9509555E718E}.Debug|Any CPU.Build.0 = Debug|Any CPU
		{9C1E4D83-CF5B-4208-9D55-9509555E718E}.Release|Any CPU.ActiveCfg = Release|Any CPU
		{9C1E4D83-CF5B-4208-9D55-9509555E718E}.Release|Any CPU.Build.0 = Release|Any CPU
	EndGlobalSection
	GlobalSection(SolutionProperties) = preSolution
		HideSolutionNode = FALSE
	EndGlobalSection
	GlobalSection(ExtensibilityGlobals) = postSolution
		SolutionGuid = {F226EB3B-4F4B-44DE-ADF0-CEF7E232A192}
	EndGlobalSection
EndGlobal
